{
  "nodes": {
    "awww": {
      "inputs": {
        "flake-compat": "flake-compat",
        "nixpkgs": "nixpkgs",
        "rust-overlay": "rust-overlay"
      },
      "locked": {
        "lastModified": 1780592370,
        "narHash": "sha256-9EMGHvU7wFhQYkz4oYmfNd3VE4OwKbzm7Go4EVu461c=",
        "ref": "refs/heads/main",
        "rev": "3344d01ec7ac74b19e059cf07c642520acdc7fd9",
        "revCount": 1368,
        "type": "git",
        "url": "https://codeberg.org/LGFae/awww"
      },
      "original": {
        "type": "git",
        "url": "https://codeberg.org/LGFae/awww"
      }
    },
    "catppuccin": {
      "inputs": {
        "nixpkgs": "nixpkgs_2"
      },
      "locked": {
        "lastModified": 1780143400,
        "narHash": "sha256-jN9RJ4OeuLdCxZ1G0d4zqy0HuHnqODxxgN6pQoYfAH8=",
        "owner": "catppuccin",
        "repo": "nix",
        "rev": "096f4670cf078d810a931fae59b57db4cc3fb4d3",
        "type": "github"
      },
      "original": {
        "owner": "catppuccin",
        "ref": "release-26.05",
        "repo": "nix",
        "type": "github"
      }
    },
    "dgop": {
      "inputs": {
        "nixpkgs": [
          "nixpkgs"
        ]
      },
      "locked": {
        "lastModified": 1778679554,
        "narHash": "sha256-zoPgnxIlDja91/4TmnCui+Fzc/xU/1jdJFu9bovtOk8=",
        "owner": "AvengeMedia",
        "repo": "dgop",
        "rev": "06574b54fa4878a93d8605962d50b13e9528a4ca",
        "type": "github"
      },
      "original": {
        "owner": "AvengeMedia",
        "repo": "dgop",
        "type": "github"
      }
    },
    "dms": {
      "inputs": {
        "nixpkgs": [
          "nixpkgs"
        ],
        "quickshell": "quickshell"
      },
      "locked": {
        "lastModified": 1777431599,
        "narHash": "sha256-g6r/Gx8PTDzO3jCNzzySA+Ff1lmLF9nDlMCNyyoQjoE=",
        "owner": "AvengeMedia",
        "repo": "DankMaterialShell",
        "rev": "eb5afcdc40ea5446c27e18552ff4a19f9daf9484",
        "type": "github"
      },
      "original": {
        "owner": "AvengeMedia",
        "ref": "stable",
        "repo": "DankMaterialShell",
        "type": "github"
      }
    },
    "flake-compat": {
      "flake": false,
      "locked": {
        "lastModified": 1761588595,
        "narHash": "sha256-XKUZz9zewJNUj46b4AJdiRZJAvSZ0Dqj2BNfXvFlJC4=",
        "owner": "edolstra",
        "repo": "flake-compat",
        "rev": "f387cd2afec9419c8ee37694406ca490c3f34ee5",
        "type": "github"
      },
      "original": {
        "owner": "edolstra",
        "repo": "flake-compat",
        "type": "github"
      }
    },
    "flake-utils": {
      "inputs": {
        "systems": "systems"
      },
      "locked": {
        "lastModified": 1731533236,
        "narHash": "sha256-l0KFg5HjrsfsO/JpG+r7fRrqm12kzFHyUHqHCVpMMbI=",
        "owner": "numtide",
        "repo": "flake-utils",
        "rev": "11707dc2f618dd54ca8739b309ec4fc024de578b",
        "type": "github"
      },
      "original": {
        "owner": "numtide",
        "repo": "flake-utils",
        "type": "github"
      }
    },
    "hashword": {
      "inputs": {
        "flake-utils": "flake-utils",
        "nixpkgs": "nixpkgs_3"
      },
      "locked": {
        "lastModified": 1765181804,
        "narHash": "sha256-feeaE2xfyhvLxZhaz3nPEZyCC0c2lCblP8BhhDjldZQ=",
        "owner": "neowsl",
        "repo": "hashword",
        "rev": "d2dd0c16ac4c0c7ae375ae037d5269d243f6dcbd",
        "type": "github"
      },
      "original": {
        "owner": "neowsl",
        "repo": "hashword",
        "type": "github"
      }
    },
    "home-manager": {
      "inputs": {
        "nixpkgs": [
          "nixpkgs"
        ]
      },
      "locked": {
        "lastModified": 1780361225,
        "narHash": "sha256-wnV9ttf4fPWNonBIQmvlrSlNpQYgx5HgWWd007mwIFA=",
        "owner": "nix-community",
        "repo": "home-manager",
        "rev": "e28654b71096e08c019d4861ca26acb646f583d8",
        "type": "github"
      },
      "original": {
        "owner": "nix-community",
        "ref": "release-26.05",
        "repo": "home-manager",
        "type": "github"
      }
    },
    "niri": {
      "inputs": {
        "niri-stable": "niri-stable",
        "niri-unstable": "niri-unstable",
        "nixpkgs": [
          "nixpkgs"
        ],
        "nixpkgs-stable": "nixpkgs-stable",
        "xwayland-satellite-stable": "xwayland-satellite-stable",
        "xwayland-satellite-unstable": "xwayland-satellite-unstable"
      },
      "locked": {
        "lastModified": 1780694373,
        "narHash": "sha256-wuj6QmOlLsGjBOut+Ki/hiOT/H5ONzBePqOkOolsNfo=",
        "owner": "sodiboo",
        "repo": "niri-flake",
        "rev": "8f7043c852210cd0875a1bbe9ca872c90ab5ac74",
        "type": "github"
      },
      "original": {
        "owner": "sodiboo",
        "repo": "niri-flake",
        "type": "github"
      }
    },
    "niri-stable": {
      "flake": false,
      "locked": {
        "lastModified": 1756556321,
        "narHash": "sha256-RLD89dfjN0RVO86C/Mot0T7aduCygPGaYbog566F0Qo=",
        "owner": "YaLTeR",
        "repo": "niri",
        "rev": "01be0e65f4eb91a9cd624ac0b76aaeab765c7294",
        "type": "github"
      },
      "original": {
        "owner": "YaLTeR",
        "ref": "v25.08",
        "repo": "niri",
        "type": "github"
      }
    },
    "niri-unstable": {
      "flake": false,
      "locked": {
        "lastModified": 1780637332,
        "narHash": "sha256-FeKyLRxLZu2EUnhifijZPDZRl0sVnPVHMtizAINNiN4=",
        "owner": "YaLTeR",
        "repo": "niri",
        "rev": "f717ae030fe56fc52522ebef69f17f3f09064ac4",
        "type": "github"
      },
      "original": {
        "owner": "YaLTeR",
        "repo": "niri",
        "type": "github"
      }
    },
    "nixpkgs": {
      "locked": {
        "lastModified": 1763934636,
        "narHash": "sha256-9glbI7f1uU+yzQCq5LwLgdZqx6svOhZWkd4JRY265fc=",
        "owner": "nixos",
        "repo": "nixpkgs",
        "rev": "ee09932cedcef15aaf476f9343d1dea2cb77e261",
        "type": "github"
      },
      "original": {
        "owner": "nixos",
        "ref": "nixpkgs-unstable",
        "repo": "nixpkgs",
        "type": "github"
      }
    },
    "nixpkgs-stable": {
      "locked": {
        "lastModified": 1780511130,
        "narHash": "sha256-2v9lT4ya59Lh1FqPeLnz1MoX9y/wz2huqfe9RtQZITk=",
        "owner": "NixOS",
        "repo": "nixpkgs",
        "rev": "535f3e6942cb1cead3929c604320d3db54b542b9",
        "type": "github"
      },
      "original": {
        "owner": "NixOS",
        "ref": "nixos-25.11",
        "repo": "nixpkgs",
        "type": "github"
      }
    },
    "nixpkgs-unstable": {
      "locked": {
        "lastModified": 1780243769,
        "narHash": "sha256-x5UQuRsH3MqI0U9afaXSNqzTPSeZlRLvFAav2Ux1pNw=",
        "owner": "nixos",
        "repo": "nixpkgs",
        "rev": "331800de5053fcebacf6813adb5db9c9dca22a0c",
        "type": "github"
      },
      "original": {
        "owner": "nixos",
        "ref": "nixos-unstable",
        "repo": "nixpkgs",
        "type": "github"
      }
    },
    "nixpkgs_2": {
      "locked": {
        "lastModified": 1779622335,
        "narHash": "sha256-6lZN0CPBbeK9UVgFQ8EV4t2qSVQPhhlerFBGZRiz73Y=",
        "rev": "705e9929918b43bd7b715dc0a878ac870449bb03",
        "type": "tarball",
        "url": "https://releases.nixos.org/nixos/26.05/nixos-26.05beta1.705e9929918b/nixexprs.tar.xz"
      },
      "original": {
        "type": "tarball",
        "url": "https://channels.nixos.org/nixos-26.05/nixexprs.tar.xz"
      }
    },
    "nixpkgs_3": {
      "locked": {
        "lastModified": 1757745802,
        "narHash": "sha256-hLEO2TPj55KcUFUU1vgtHE9UEIOjRcH/4QbmfHNF820=",
        "owner": "NixOS",
        "repo": "nixpkgs",
        "rev": "c23193b943c6c689d70ee98ce3128239ed9e32d1",
        "type": "github"
      },
      "original": {
        "owner": "NixOS",
        "ref": "nixos-unstable",
        "repo": "nixpkgs",
        "type": "github"
      }
    },
    "nixpkgs_4": {
      "locked": {
        "lastModified": 1780453794,
        "narHash": "sha256-bXMRa9VTsHSPXL4Cw8R6JJLQeY3Y/IP4+YJCYVmQ7FY=",
        "owner": "nixos",
        "repo": "nixpkgs",
        "rev": "6b316287bae2ee04c9b93c8c858d930fd07d7338",
        "type": "github"
      },
      "original": {
        "owner": "nixos",
        "ref": "nixos-26.05",
        "repo": "nixpkgs",
        "type": "github"
      }
    },
    "quickshell": {
      "inputs": {
        "nixpkgs": [
          "dms",
          "nixpkgs"
        ]
      },
      "locked": {
        "lastModified": 1776854048,
        "narHash": "sha256-lLbV66V3RMNp1l8/UelmR4YzoJ5ONtgvEtiUMJATH/o=",
        "ref": "refs/heads/master",
        "rev": "783c953987dc56ff0601abe6845ed96f1d00495a",
        "revCount": 806,
        "type": "git",
        "url": "https://git.outfoxxed.me/quickshell/quickshell"
      },
      "original": {
        "rev": "783c953987dc56ff0601abe6845ed96f1d00495a",
        "type": "git",
        "url": "https://git.outfoxxed.me/quickshell/quickshell"
      }
    },
    "root": {
      "inputs": {
        "awww": "awww",
        "catppuccin": "catppuccin",
        "dgop": "dgop",
        "dms": "dms",
        "hashword": "hashword",
        "home-manager": "home-manager",
        "niri": "niri",
        "nixpkgs": "nixpkgs_4",
        "nixpkgs-unstable": "nixpkgs-unstable",
        "zen-browser": "zen-browser"
      }
    },
    "rust-overlay": {
      "inputs": {
        "nixpkgs": [
          "awww",
          "nixpkgs"
        ]
      },
      "locked": {
        "lastModified": 1764038373,
        "narHash": "sha256-M6w2wNBRelcavoDAyFL2iO4NeWknD40ASkH1S3C0YGM=",
        "owner": "oxalica",
        "repo": "rust-overlay",
        "rev": "ab3536fe850211a96673c6ffb2cb88aab8071cc9",
        "type": "github"
      },
      "original": {
        "owner": "oxalica",
        "repo": "rust-overlay",
        "type": "github"
      }
    },
    "systems": {
      "locked": {
        "lastModified": 1681028828,
        "narHash": "sha256-Vy1rq5AaRuLzOxct8nz4T6wlgyUR7zLU309k9mBC768=",
        "owner": "nix-systems",
        "repo": "default",
        "rev": "da67096a3b9bf56a91d16901293e51ba5b49a27e",
        "type": "github"
      },
      "original": {
        "owner": "nix-systems",
        "repo": "default",
        "type": "github"
      }
    },
    "xwayland-satellite-stable": {
      "flake": false,
      "locked": {
        "lastModified": 1755491097,
        "narHash": "sha256-m+9tUfsmBeF2Gn4HWa6vSITZ4Gz1eA1F5Kh62B0N4oE=",
        "owner": "Supreeeme",
        "repo": "xwayland-satellite",
        "rev": "388d291e82ffbc73be18169d39470f340707edaa",
        "type": "github"
      },
      "original": {
        "owner": "Supreeeme",
        "ref": "v0.7",
        "repo": "xwayland-satellite",
        "type": "github"
      }
    },
    "xwayland-satellite-unstable": {
      "flake": false,
      "locked": {
        "lastModified": 1779745227,
        "narHash": "sha256-yqY7RtEJGJiENzR0GwL6q69tSAy6xAAmAcLuIhLjPf8=",
        "owner": "Supreeeme",
        "repo": "xwayland-satellite",
        "rev": "5d1efbc9dc3ab1c10160b656e0247f3325daf0f2",
        "type": "github"
      },
      "original": {
        "owner": "Supreeeme",
        "repo": "xwayland-satellite",
        "type": "github"
      }
    },
    "zen-browser": {
      "inputs": {
        "nixpkgs": [
          "nixpkgs"
        ]
      },
      "locked": {
        "lastModified": 1780637620,
        "narHash": "sha256-ngPdHinPyF0AMxRr32qt+TZCv0sagmooBW14u6DfjSU=",
        "owner": "youwen5",
        "repo": "zen-browser-flake",
        "rev": "8c62bc6a72ac5a5b8d1b41b2b88dfed9d9932c48",
        "type": "github"
      },
      "original": {
        "owner": "youwen5",
        "repo": "zen-browser-flake",
        "type": "github"
      }
    }
  },
  "root": "root",
  "version": 7
}
